
Microsoft Visual Studio Solution File, Format Version 12.00
# Visual Studio Version 17
VisualStudioVersion = 17.5.002.0
MinimumVisualStudioVersion = 10.0.40219.1
Project("{2150E333-8FDC-42A3-9474-1A3956D46DE8}") = "frontend", "frontend", "{CF71CBBA-E181-4D4E-959C-08678F456FE6}"
EndProject
Project("{2150E333-8FDC-42A3-9474-1A3956D46DE8}") = "src", "src", "{1DDAC105-F204-4043-B2E8-24858237BBDF}"
EndProject
Project("{2150E333-8FDC-42A3-9474-1A3956D46DE8}") = "app", "app", "{0BDDC936-F963-4816-8436-DC4512800C1F}"
EndProject
Project("{2150E333-8FDC-42A3-9474-1A3956D46DE8}") = "components", "components", "{ED21BA63-8A29-4357-802D-7C361CF40CC7}"
EndProject
Project("{9A19103F-16F7-4668-BE54-9A1E7A4F7556}") = "calculadora", "frontend\src\app\components\calculadora\calculadora.csproj", "{B5D7F787-16FF-4B27-BA62-E7824566FD06}"
EndProject
Project("{FAE04EC0-301F-11D3-BF4B-00C04F79EFBC}") = "calculadoraapi", "frontend\src\app\components\calculadoraapi\calculadoraapi.csproj", "{1D4202B2-747E-496E-AA0A-2C391DF940E6}"
EndProject
Project("{FAE04EC0-301F-11D3-BF4B-00C04F79EFBC}") = "CalculadoraApi2", "CalculadoraApi2\CalculadoraApi2.csproj", "{90A5D1C7-95F7-4DE0-8CC3-447188D0A32B}"
EndProject
Global
	GlobalSection(SolutionConfigurationPlatforms) = preSolution
		Debug|Any CPU = Debug|Any CPU
		Release|Any CPU = Release|Any CPU
	EndGlobalSection
	GlobalSection(ProjectConfigurationPlatforms) = postSolution
		{B5D7F787-16FF-4B27-BA62-E7824566FD06}.Debug|Any CPU.ActiveCfg = Debug|Any CPU
		{B5D7F787-16FF-4B27-BA62-E7824566FD06}.Debug|Any CPU.Build.0 = Debug|Any CPU
		{B5D7F787-16FF-4B27-BA62-E7824566FD06}.Release|Any CPU.ActiveCfg = Release|Any CPU
		{B5D7F787-16FF-4B27-BA62-E7824566FD06}.Release|Any CPU.Build.0 = Release|Any CPU
		{1D4202B2-747E-496E-AA0A-2C391DF940E6}.Debug|Any CPU.ActiveCfg = Debug|Any CPU
		{1D4202B2-747E-496E-AA0A-2C391DF940E6}.Debug|Any CPU.Build.0 = Debug|Any CPU
		{1D4202B2-747E-496E-AA0A-2C391DF940E6}.Release|Any CPU.ActiveCfg = Release|Any CPU
		{1D4202B2-747E-496E-AA0A-2C391DF940E6}.Release|Any CPU.Build.0 = Release|Any CPU
		{90A5D1C7-95F7-4DE0-8CC3-447188D0A32B}.Debug|Any CPU.ActiveCfg = Debug|Any CPU
		{90A5D1C7-95F7-4DE0-8CC3-447188D0A32B}.Debug|Any CPU.Build.0 = Debug|Any CPU
		{90A5D1C7-95F7-4DE0-8CC3-447188D0A32B}.Release|Any CPU.ActiveCfg = Release|Any CPU
		{90A5D1C7-95F7-4DE0-8CC3-447188D0A32B}.Release|Any CPU.Build.0 = Release|Any CPU
	EndGlobalSection
	GlobalSection(SolutionProperties) = preSolution
		HideSolutionNode = FALSE
	EndGlobalSection
	GlobalSection(NestedProjects) = preSolution
		{1DDAC105-F204-4043-B2E8-24858237BBDF} = {CF71CBBA-E181-4D4E-959C-08678F456FE6}
		{0BDDC936-F963-4816-8436-DC4512800C1F} = {1DDAC105-F204-4043-B2E8-24858237BBDF}
		{ED21BA63-8A29-4357-802D-7C361CF40CC7} = {0BDDC936-F963-4816-8436-DC4512800C1F}
		{B5D7F787-16FF-4B27-BA62-E7824566FD06} = {ED21BA63-8A29-4357-802D-7C361CF40CC7}
		{1D4202B2-747E-496E-AA0A-2C391DF940E6} = {ED21BA63-8A29-4357-802D-7C361CF40CC7}
	EndGlobalSection
	GlobalSection(ExtensibilityGlobals) = postSolution
		SolutionGuid = {AC941636-4CF0-4EBB-9F02-AD572DD398C9}
	EndGlobalSection
EndGlobal
